
Microsoft Visual Studio Solution File, Format Version 12.00
# Visual Studio Version 16
VisualStudioVersion = 16.0.29025.244
MinimumVisualStudioVersion = 10.0.40219.1
Project("{FAE04EC0-301F-11D3-BF4B-00C04F79EFBC}") = "PMAC C SHARP EXAMPLE", "PMAC C SHARP EXAMPLE\PMAC C SHARP EXAMPLE.csproj", "{AC7972CB-E36E-48F3-9062-BE8C8D12D02D}"
EndProject
Global
	GlobalSection(SolutionConfigurationPlatforms) = preSolution
		Debug|Any CPU = Debug|Any CPU
		Debug|x86 = Debug|x86
		Release|Any CPU = Release|Any CPU
		Release|x86 = Release|x86
	EndGlobalSection
	GlobalSection(ProjectConfigurationPlatforms) = postSolution
		{AC7972CB-E36E-48F3-9062-BE8C8D12D02D}.Debug|Any CPU.ActiveCfg = Debug|Any CPU
		{AC7972CB-E36E-48F3-9062-BE8C8D12D02D}.Debug|Any CPU.Build.0 = Debug|Any CPU
		{AC7972CB-E36E-48F3-9062-BE8C8D12D02D}.Debug|x86.ActiveCfg = Debug|x86
		{AC7972CB-E36E-48F3-9062-BE8C8D12D02D}.Debug|x86.Build.0 = Debug|x86
		{AC7972CB-E36E-48F3-9062-BE8C8D12D02D}.Release|Any CPU.ActiveCfg = Release|Any CPU
		{AC7972CB-E36E-48F3-9062-BE8C8D12D02D}.Release|Any CPU.Build.0 = Release|Any CPU
		{AC7972CB-E36E-48F3-9062-BE8C8D12D02D}.Release|x86.ActiveCfg = Release|x86
		{AC7972CB-E36E-48F3-9062-BE8C8D12D02D}.Release|x86.Build.0 = Release|x86
	EndGlobalSection
	GlobalSection(SolutionProperties) = preSolution
		HideSolutionNode = FALSE
	EndGlobalSection
	GlobalSection(ExtensibilityGlobals) = postSolution
		SolutionGuid = {993F4951-0440-469D-8E24-EBF26696F301}
	EndGlobalSection
EndGlobal
